
Microsoft Visual Studio Solution File, Format Version 12.00
# Visual Studio Version 17
VisualStudioVersion = 17.11.35222.181
MinimumVisualStudioVersion = 10.0.40219.1
Project("{FAE04EC0-301F-11D3-BF4B-00C04F79EFBC}") = "BattleshipGame", "BattleshipGame\BattleshipGame.csproj", "{63E511EF-7090-4311-8058-A485A80C9797}"
EndProject
Global
	GlobalSection(SolutionConfigurationPlatforms) = preSolution
		Debug|Any CPU = Debug|Any CPU
		Release|Any CPU = Release|Any CPU
	EndGlobalSection
	GlobalSection(ProjectConfigurationPlatforms) = postSolution
		{63E511EF-7090-4311-8058-A485A80C9797}.Debug|Any CPU.ActiveCfg = Debug|Any CPU
		{63E511EF-7090-4311-8058-A485A80C9797}.Debug|Any CPU.Build.0 = Debug|Any CPU
		{63E511EF-7090-4311-8058-A485A80C9797}.Release|Any CPU.ActiveCfg = Release|Any CPU
		{63E511EF-7090-4311-8058-A485A80C9797}.Release|Any CPU.Build.0 = Release|Any CPU
	EndGlobalSection
	GlobalSection(SolutionProperties) = preSolution
		HideSolutionNode = FALSE
	EndGlobalSection
	GlobalSection(ExtensibilityGlobals) = postSolution
		SolutionGuid = {2A4BD2D4-01C1-485E-9087-7575BC2A3038}
	EndGlobalSection
EndGlobal
